
Microsoft Visual Studio Solution File, Format Version 12.00
# Visual Studio Version 17
VisualStudioVersion = 17.3.32901.215
MinimumVisualStudioVersion = 10.0.40219.1
Project("{9A19103F-16F7-4668-BE54-9A1E7A4F7556}") = "Medical-Claim", "Medical-Claim\Medical-Claim.csproj", "{AF1BE926-1FA1-49E3-8C99-33B2F4310B6C}"
EndProject
Project("{9A19103F-16F7-4668-BE54-9A1E7A4F7556}") = "DataAccesLayer", "DataAccesLayer\DataAccesLayer.csproj", "{862BD760-72AF-41C6-BE3F-DDD381086892}"
EndProject
Project("{9A19103F-16F7-4668-BE54-9A1E7A4F7556}") = "BusinessLogicLayer", "BusinessLogicLayer\BusinessLogicLayer.csproj", "{1DC3C280-1C56-42D2-9CA7-2D9521FB1F08}"
EndProject
Project("{FAE04EC0-301F-11D3-BF4B-00C04F79EFBC}") = "Medical-Claim.UnitTest", "Medical-Claim.UnitTest\Medical-Claim.UnitTest.csproj", "{710594EC-37FD-45E0-AF5B-62523DCB7D38}"
EndProject
Global
	GlobalSection(SolutionConfigurationPlatforms) = preSolution
		Debug|Any CPU = Debug|Any CPU
		Release|Any CPU = Release|Any CPU
	EndGlobalSection
	GlobalSection(ProjectConfigurationPlatforms) = postSolution
		{AF1BE926-1FA1-49E3-8C99-33B2F4310B6C}.Debug|Any CPU.ActiveCfg = Debug|Any CPU
		{AF1BE926-1FA1-49E3-8C99-33B2F4310B6C}.Debug|Any CPU.Build.0 = Debug|Any CPU
		{AF1BE926-1FA1-49E3-8C99-33B2F4310B6C}.Release|Any CPU.ActiveCfg = Release|Any CPU
		{AF1BE926-1FA1-49E3-8C99-33B2F4310B6C}.Release|Any CPU.Build.0 = Release|Any CPU
		{862BD760-72AF-41C6-BE3F-DDD381086892}.Debug|Any CPU.ActiveCfg = Debug|Any CPU
		{862BD760-72AF-41C6-BE3F-DDD381086892}.Debug|Any CPU.Build.0 = Debug|Any CPU
		{862BD760-72AF-41C6-BE3F-DDD381086892}.Release|Any CPU.ActiveCfg = Release|Any CPU
		{862BD760-72AF-41C6-BE3F-DDD381086892}.Release|Any CPU.Build.0 = Release|Any CPU
		{1DC3C280-1C56-42D2-9CA7-2D9521FB1F08}.Debug|Any CPU.ActiveCfg = Debug|Any CPU
		{1DC3C280-1C56-42D2-9CA7-2D9521FB1F08}.Debug|Any CPU.Build.0 = Debug|Any CPU
		{1DC3C280-1C56-42D2-9CA7-2D9521FB1F08}.Release|Any CPU.ActiveCfg = Release|Any CPU
		{1DC3C280-1C56-42D2-9CA7-2D9521FB1F08}.Release|Any CPU.Build.0 = Release|Any CPU
		{710594EC-37FD-45E0-AF5B-62523DCB7D38}.Debug|Any CPU.ActiveCfg = Debug|Any CPU
		{710594EC-37FD-45E0-AF5B-62523DCB7D38}.Debug|Any CPU.Build.0 = Debug|Any CPU
		{710594EC-37FD-45E0-AF5B-62523DCB7D38}.Release|Any CPU.ActiveCfg = Release|Any CPU
		{710594EC-37FD-45E0-AF5B-62523DCB7D38}.Release|Any CPU.Build.0 = Release|Any CPU
	EndGlobalSection
	GlobalSection(SolutionProperties) = preSolution
		HideSolutionNode = FALSE
	EndGlobalSection
	GlobalSection(ExtensibilityGlobals) = postSolution
		SolutionGuid = {998DDC67-9265-4C0A-9888-73933CC7E79B}
	EndGlobalSection
EndGlobal
